
Microsoft Visual Studio Solution File, Format Version 12.00
# Visual Studio 15
VisualStudioVersion = 15.0.28307.271
MinimumVisualStudioVersion = 10.0.40219.1
Project("{9A19103F-16F7-4668-BE54-9A1E7A4F7556}") = "Entities", "Entities\Entities.csproj", "{733C7CA8-1491-49B1-A22C-D190AD7CA687}"
EndProject
Project("{FAE04EC0-301F-11D3-BF4B-00C04F79EFBC}") = "Core", "Core\Core.csproj", "{BF18BE9B-A762-4157-8F03-E2EE54A40F0A}"
EndProject
Project("{FAE04EC0-301F-11D3-BF4B-00C04F79EFBC}") = "Tests", "Tests\Tests.csproj", "{999D2221-29B1-4721-BBDE-2259CE063725}"
EndProject
Global
	GlobalSection(SolutionConfigurationPlatforms) = preSolution
		Debug|Any CPU = Debug|Any CPU
		Release|Any CPU = Release|Any CPU
	EndGlobalSection
	GlobalSection(ProjectConfigurationPlatforms) = postSolution
		{733C7CA8-1491-49B1-A22C-D190AD7CA687}.Debug|Any CPU.ActiveCfg = Debug|Any CPU
		{733C7CA8-1491-49B1-A22C-D190AD7CA687}.Debug|Any CPU.Build.0 = Debug|Any CPU
		{733C7CA8-1491-49B1-A22C-D190AD7CA687}.Release|Any CPU.ActiveCfg = Release|Any CPU
		{733C7CA8-1491-49B1-A22C-D190AD7CA687}.Release|Any CPU.Build.0 = Release|Any CPU
		{BF18BE9B-A762-4157-8F03-E2EE54A40F0A}.Debug|Any CPU.ActiveCfg = Debug|Any CPU
		{BF18BE9B-A762-4157-8F03-E2EE54A40F0A}.Debug|Any CPU.Build.0 = Debug|Any CPU
		{BF18BE9B-A762-4157-8F03-E2EE54A40F0A}.Release|Any CPU.ActiveCfg = Release|Any CPU
		{BF18BE9B-A762-4157-8F03-E2EE54A40F0A}.Release|Any CPU.Build.0 = Release|Any CPU
		{999D2221-29B1-4721-BBDE-2259CE063725}.Debug|Any CPU.ActiveCfg = Debug|Any CPU
		{999D2221-29B1-4721-BBDE-2259CE063725}.Debug|Any CPU.Build.0 = Debug|Any CPU
		{999D2221-29B1-4721-BBDE-2259CE063725}.Release|Any CPU.ActiveCfg = Release|Any CPU
		{999D2221-29B1-4721-BBDE-2259CE063725}.Release|Any CPU.Build.0 = Release|Any CPU
	EndGlobalSection
	GlobalSection(SolutionProperties) = preSolution
		HideSolutionNode = FALSE
	EndGlobalSection
	GlobalSection(ExtensibilityGlobals) = postSolution
		SolutionGuid = {D8894448-9615-4069-B77D-39819E854183}
	EndGlobalSection
EndGlobal
