
Microsoft Visual Studio Solution File, Format Version 12.00
# Visual Studio 15
VisualStudioVersion = 15.0.28010.2046
MinimumVisualStudioVersion = 10.0.40219.1
Project("{FAE04EC0-301F-11D3-BF4B-00C04F79EFBC}") = "SandS.Common", "SandS.Common\SandS.Common.csproj", "{1551FE1D-3D34-4393-B7CE-C7A84DD3D09C}"
EndProject
Project("{FAE04EC0-301F-11D3-BF4B-00C04F79EFBC}") = "SandS.Tests.Architecture", "SandS.Tests.Architecture\SandS.Tests.Architecture.csproj", "{BDF0F142-DE90-4C58-9C0A-6894709CE31F}"
EndProject
Project("{FAE04EC0-301F-11D3-BF4B-00C04F79EFBC}") = "SandS.Tests.Base", "SandS.Tests.Base\SandS.Tests.Base.csproj", "{FB48644A-E81F-4758-ABC4-59CD70457686}"
EndProject
Project("{FAE04EC0-301F-11D3-BF4B-00C04F79EFBC}") = "SandS.Common.Tests", "SandS.Common.Tests\SandS.Common.Tests.csproj", "{07F06B1F-96C1-43EC-A5A2-1232C41F7D45}"
EndProject
Global
	GlobalSection(SolutionConfigurationPlatforms) = preSolution
		Debug|Any CPU = Debug|Any CPU
		Release|Any CPU = Release|Any CPU
	EndGlobalSection
	GlobalSection(ProjectConfigurationPlatforms) = postSolution
		{1551FE1D-3D34-4393-B7CE-C7A84DD3D09C}.Debug|Any CPU.ActiveCfg = Debug|Any CPU
		{1551FE1D-3D34-4393-B7CE-C7A84DD3D09C}.Debug|Any CPU.Build.0 = Debug|Any CPU
		{1551FE1D-3D34-4393-B7CE-C7A84DD3D09C}.Release|Any CPU.ActiveCfg = Release|Any CPU
		{1551FE1D-3D34-4393-B7CE-C7A84DD3D09C}.Release|Any CPU.Build.0 = Release|Any CPU
		{BDF0F142-DE90-4C58-9C0A-6894709CE31F}.Debug|Any CPU.ActiveCfg = Debug|Any CPU
		{BDF0F142-DE90-4C58-9C0A-6894709CE31F}.Debug|Any CPU.Build.0 = Debug|Any CPU
		{BDF0F142-DE90-4C58-9C0A-6894709CE31F}.Release|Any CPU.ActiveCfg = Release|Any CPU
		{BDF0F142-DE90-4C58-9C0A-6894709CE31F}.Release|Any CPU.Build.0 = Release|Any CPU
		{FB48644A-E81F-4758-ABC4-59CD70457686}.Debug|Any CPU.ActiveCfg = Debug|Any CPU
		{FB48644A-E81F-4758-ABC4-59CD70457686}.Debug|Any CPU.Build.0 = Debug|Any CPU
		{FB48644A-E81F-4758-ABC4-59CD70457686}.Release|Any CPU.ActiveCfg = Release|Any CPU
		{FB48644A-E81F-4758-ABC4-59CD70457686}.Release|Any CPU.Build.0 = Release|Any CPU
		{07F06B1F-96C1-43EC-A5A2-1232C41F7D45}.Debug|Any CPU.ActiveCfg = Debug|Any CPU
		{07F06B1F-96C1-43EC-A5A2-1232C41F7D45}.Debug|Any CPU.Build.0 = Debug|Any CPU
		{07F06B1F-96C1-43EC-A5A2-1232C41F7D45}.Release|Any CPU.ActiveCfg = Release|Any CPU
		{07F06B1F-96C1-43EC-A5A2-1232C41F7D45}.Release|Any CPU.Build.0 = Release|Any CPU
	EndGlobalSection
	GlobalSection(SolutionProperties) = preSolution
		HideSolutionNode = FALSE
	EndGlobalSection
	GlobalSection(ExtensibilityGlobals) = postSolution
		SolutionGuid = {C1130D32-EE04-46AB-99FA-6CFDDC98CF98}
	EndGlobalSection
EndGlobal
