
Microsoft Visual Studio Solution File, Format Version 12.00
# Visual Studio 15
VisualStudioVersion = 15.0.28010.2046
MinimumVisualStudioVersion = 10.0.40219.1
Project("{9A19103F-16F7-4668-BE54-9A1E7A4F7556}") = "BitwiseOperations", "BitwiseOperations\BitwiseOperations.csproj", "{20669CDC-6FA0-4CA4-B162-3D659689C072}"
EndProject
Project("{FAE04EC0-301F-11D3-BF4B-00C04F79EFBC}") = "Extensions", "Extensions\Extensions.csproj", "{8F4AEF04-5956-4016-B62F-DA094084C88D}"
EndProject
Project("{FAE04EC0-301F-11D3-BF4B-00C04F79EFBC}") = "Tests", "Tests\Tests.csproj", "{92220965-F313-4673-B95E-4BB80050A72D}"
EndProject
Project("{FAE04EC0-301F-11D3-BF4B-00C04F79EFBC}") = "Entity", "Entity\Entity.csproj", "{5E1AC7A0-5EAB-417A-A75C-63C3213DD5B9}"
EndProject
Global
	GlobalSection(SolutionConfigurationPlatforms) = preSolution
		Debug|Any CPU = Debug|Any CPU
		Release|Any CPU = Release|Any CPU
	EndGlobalSection
	GlobalSection(ProjectConfigurationPlatforms) = postSolution
		{20669CDC-6FA0-4CA4-B162-3D659689C072}.Debug|Any CPU.ActiveCfg = Debug|Any CPU
		{20669CDC-6FA0-4CA4-B162-3D659689C072}.Debug|Any CPU.Build.0 = Debug|Any CPU
		{20669CDC-6FA0-4CA4-B162-3D659689C072}.Release|Any CPU.ActiveCfg = Release|Any CPU
		{20669CDC-6FA0-4CA4-B162-3D659689C072}.Release|Any CPU.Build.0 = Release|Any CPU
		{8F4AEF04-5956-4016-B62F-DA094084C88D}.Debug|Any CPU.ActiveCfg = Debug|Any CPU
		{8F4AEF04-5956-4016-B62F-DA094084C88D}.Debug|Any CPU.Build.0 = Debug|Any CPU
		{8F4AEF04-5956-4016-B62F-DA094084C88D}.Release|Any CPU.ActiveCfg = Release|Any CPU
		{8F4AEF04-5956-4016-B62F-DA094084C88D}.Release|Any CPU.Build.0 = Release|Any CPU
		{92220965-F313-4673-B95E-4BB80050A72D}.Debug|Any CPU.ActiveCfg = Debug|Any CPU
		{92220965-F313-4673-B95E-4BB80050A72D}.Debug|Any CPU.Build.0 = Debug|Any CPU
		{92220965-F313-4673-B95E-4BB80050A72D}.Release|Any CPU.ActiveCfg = Release|Any CPU
		{92220965-F313-4673-B95E-4BB80050A72D}.Release|Any CPU.Build.0 = Release|Any CPU
		{5E1AC7A0-5EAB-417A-A75C-63C3213DD5B9}.Debug|Any CPU.ActiveCfg = Debug|Any CPU
		{5E1AC7A0-5EAB-417A-A75C-63C3213DD5B9}.Debug|Any CPU.Build.0 = Debug|Any CPU
		{5E1AC7A0-5EAB-417A-A75C-63C3213DD5B9}.Release|Any CPU.ActiveCfg = Release|Any CPU
		{5E1AC7A0-5EAB-417A-A75C-63C3213DD5B9}.Release|Any CPU.Build.0 = Release|Any CPU
	EndGlobalSection
	GlobalSection(SolutionProperties) = preSolution
		HideSolutionNode = FALSE
	EndGlobalSection
	GlobalSection(ExtensibilityGlobals) = postSolution
		SolutionGuid = {9EE7CE20-30D8-49F3-84BD-D5FA4103A6DC}
	EndGlobalSection
EndGlobal
